
Microsoft Visual Studio Solution File, Format Version 12.00
# Visual Studio Express 2013 for Windows Desktop
VisualStudioVersion = 12.0.21005.1
MinimumVisualStudioVersion = 10.0.40219.1
Project("{8BC9CEB8-8B4A-11D0-8D11-00A0C91BC942}") = "Framework", "Framework.vcxproj", "{32847952-F064-4AD1-8D60-3314366F638A}"
EndProject
Project("{8BC9CEB8-8B4A-11D0-8D11-00A0C91BC942}") = "PBR", "..\..\PBR\PBR.vcxproj", "{B8AD93BF-5C4B-499E-A00E-7880AA9E6F4B}"
EndProject
Global
	GlobalSection(SolutionConfigurationPlatforms) = preSolution
		Debug|Win32 = Debug|Win32
		Release|Win32 = Release|Win32
	EndGlobalSection
	GlobalSection(ProjectConfigurationPlatforms) = postSolution
		{32847952-F064-4AD1-8D60-3314366F638A}.Debug|Win32.ActiveCfg = Debug|Win32
		{32847952-F064-4AD1-8D60-3314366F638A}.Debug|Win32.Build.0 = Debug|Win32
		{32847952-F064-4AD1-8D60-3314366F638A}.Release|Win32.ActiveCfg = Release|Win32
		{32847952-F064-4AD1-8D60-3314366F638A}.Release|Win32.Build.0 = Release|Win32
		{B8AD93BF-5C4B-499E-A00E-7880AA9E6F4B}.Debug|Win32.ActiveCfg = Debug|Win32
		{B8AD93BF-5C4B-499E-A00E-7880AA9E6F4B}.Debug|Win32.Build.0 = Debug|Win32
		{B8AD93BF-5C4B-499E-A00E-7880AA9E6F4B}.Release|Win32.ActiveCfg = Release|Win32
		{B8AD93BF-5C4B-499E-A00E-7880AA9E6F4B}.Release|Win32.Build.0 = Release|Win32
	EndGlobalSection
	GlobalSection(SolutionProperties) = preSolution
		HideSolutionNode = FALSE
	EndGlobalSection
EndGlobal
